
Microsoft Visual Studio Solution File, Format Version 12.00
# Visual Studio Version 16
VisualStudioVersion = 16.0.30104.148
MinimumVisualStudioVersion = 10.0.40219.1
Project("{FAE04EC0-301F-11D3-BF4B-00C04F79EFBC}") = "PrestamosJuegos", "PrestamosJuegos.csproj", "{90658306-91B0-4D16-8412-BBE30CAAD128}"
EndProject
Global
	GlobalSection(SolutionConfigurationPlatforms) = preSolution
		Debug|Any CPU = Debug|Any CPU
		Release|Any CPU = Release|Any CPU
	EndGlobalSection
	GlobalSection(ProjectConfigurationPlatforms) = postSolution
		{90658306-91B0-4D16-8412-BBE30CAAD128}.Debug|Any CPU.ActiveCfg = Debug|Any CPU
		{90658306-91B0-4D16-8412-BBE30CAAD128}.Debug|Any CPU.Build.0 = Debug|Any CPU
		{90658306-91B0-4D16-8412-BBE30CAAD128}.Release|Any CPU.ActiveCfg = Release|Any CPU
		{90658306-91B0-4D16-8412-BBE30CAAD128}.Release|Any CPU.Build.0 = Release|Any CPU
	EndGlobalSection
	GlobalSection(SolutionProperties) = preSolution
		HideSolutionNode = FALSE
	EndGlobalSection
	GlobalSection(ExtensibilityGlobals) = postSolution
		SolutionGuid = {785C71AA-FA6E-4236-914A-2A28358267D3}
	EndGlobalSection
EndGlobal
